
Microsoft Visual Studio Solution File, Format Version 12.00
# Visual Studio Version 17
VisualStudioVersion = 17.14.36212.18
MinimumVisualStudioVersion = 10.0.40219.1
Project("{FAE04EC0-301F-11D3-BF4B-00C04F79EFBC}") = "LaunchControl", "LaunchControl\LaunchControl.csproj", "{29CA1CFF-8AE7-48A5-9050-E95F1DB6C65B}"
EndProject
Project("{D954291E-2A0B-460D-934E-DC6B0785DB48}") = "CLI", "..\..\Mixins\CLI\CLI.shproj", "{3A79288E-E133-4C1D-AB4F-92F1326D44BB}"
EndProject
Project("{D954291E-2A0B-460D-934E-DC6B0785DB48}") = "Display", "..\..\Mixins\Display\Display.shproj", "{143F4FFB-ABF6-43FA-9188-270DD6BD3F51}"
EndProject
Project("{D954291E-2A0B-460D-934E-DC6B0785DB48}") = "IniHandler", "..\..\Mixins\IniHandler\IniHandler.shproj", "{C4907BFB-A3AB-4083-B654-F66BFF5E5012}"
EndProject
Global
	GlobalSection(SolutionConfigurationPlatforms) = preSolution
		Debug|x64 = Debug|x64
		Release|x64 = Release|x64
	EndGlobalSection
	GlobalSection(ProjectConfigurationPlatforms) = postSolution
		{29CA1CFF-8AE7-48A5-9050-E95F1DB6C65B}.Debug|x64.ActiveCfg = Debug|x64
		{29CA1CFF-8AE7-48A5-9050-E95F1DB6C65B}.Debug|x64.Build.0 = Debug|x64
		{29CA1CFF-8AE7-48A5-9050-E95F1DB6C65B}.Release|x64.ActiveCfg = Release|x64
		{29CA1CFF-8AE7-48A5-9050-E95F1DB6C65B}.Release|x64.Build.0 = Release|x64
	EndGlobalSection
	GlobalSection(SolutionProperties) = preSolution
		HideSolutionNode = FALSE
	EndGlobalSection
	GlobalSection(ExtensibilityGlobals) = postSolution
		SolutionGuid = {1AD82F2C-6AD8-47F4-860D-2BFFAD0A1CE5}
	EndGlobalSection
	GlobalSection(SharedMSBuildProjectFiles) = preSolution
		..\..\Mixins\CLI\CLI.projitems*{29ca1cff-8ae7-48a5-9050-e95f1db6c65b}*SharedItemsImports = 5
		..\..\Mixins\Display\Display.projitems*{29ca1cff-8ae7-48a5-9050-e95f1db6c65b}*SharedItemsImports = 5
		..\..\Mixins\IniHandler\IniHandler.projitems*{29ca1cff-8ae7-48a5-9050-e95f1db6c65b}*SharedItemsImports = 5
		..\..\Mixins\CLI\CLI.projitems*{3a79288e-e133-4c1d-ab4f-92f1326d44bb}*SharedItemsImports = 13
		..\..\Mixins\Display\Display.projitems*{143f4ffb-abf6-43fa-9188-270dd6bd3f51}*SharedItemsImports = 13
		..\..\Mixins\IniHandler\IniHandler.projitems*{c4907bfb-a3ab-4083-b654-f66bff5e5012}*SharedItemsImports = 13
	EndGlobalSection
EndGlobal
